# @generated - this file is auto-generated by `mise lock` https://mise.jdx.dev/dev-tools/mise-lock.html

[[tools.hk]]
version = "1.53.0"
backend = "aqua:jdx/hk"

[tools.hk."platforms.linux-arm64"]
checksum = "sha256:3cf58d268a9114f0923a06c38cf0995b9da43bf2279b09aac3c3c615a615b3e4"
url = "https://github.com/jdx/hk/releases/download/v1.53.0/hk-aarch64-unknown-linux-gnu.tar.gz"
url_api = "https://api.github.com/repos/jdx/hk/releases/assets/487429257"

[tools.hk."platforms.linux-arm64-musl"]
checksum = "sha256:36fdea5faa4994f4c46e18cb5a52f07a7db4228f1ea618cf371bc297cbc48070"
url = "https://github.com/jdx/hk/releases/download/v1.53.0/hk-aarch64-unknown-linux-musl.tar.gz"
url_api = "https://api.github.com/repos/jdx/hk/releases/assets/487429258"

[tools.hk."platforms.linux-x64"]
checksum = "sha256:960c14b3bcd61e36dcb42c304e3cc23b22ef2e6f28ac6559e3856d27acf6b54a"
url = "https://github.com/jdx/hk/releases/download/v1.53.0/hk-x86_64-unknown-linux-gnu.tar.gz"
url_api = "https://api.github.com/repos/jdx/hk/releases/assets/487429267"

[tools.hk."platforms.linux-x64-musl"]
checksum = "sha256:c2075be6f6d4b3606450bdcb58ce5d17d9668804e8ee4f9d93dda596cae2de55"
url = "https://github.com/jdx/hk/releases/download/v1.53.0/hk-x86_64-unknown-linux-musl.tar.gz"
url_api = "https://api.github.com/repos/jdx/hk/releases/assets/487429272"

[tools.hk."platforms.macos-arm64"]
checksum = "sha256:d5c1f9a4c3598cc72c9f15908af6e036b138b9dd97c8891e4d08f699c98a5069"
url = "https://github.com/jdx/hk/releases/download/v1.53.0/hk-aarch64-apple-darwin.tar.gz"
url_api = "https://api.github.com/repos/jdx/hk/releases/assets/487429255"

[tools.hk."platforms.windows-x64"]
checksum = "sha256:a2e5c6131d01cfd6d62204872798f97fc933e7f142d718b3e191434e2d31ef1c"
url = "https://github.com/jdx/hk/releases/download/v1.53.0/hk-x86_64-pc-windows-msvc.zip"
url_api = "https://api.github.com/repos/jdx/hk/releases/assets/487429261"

[[tools.pkl]]
version = "0.32.1"
backend = "aqua:apple/pkl"

[tools.pkl."platforms.linux-arm64"]
checksum = "sha256:a76d2dd47da435a8f911b0347373f47c7e59ea54fb75ff846d20b8df10dba058"
url = "https://github.com/apple/pkl/releases/download/0.32.1/pkl-linux-aarch64"
url_api = "https://api.github.com/repos/apple/pkl/releases/assets/487426568"

[tools.pkl."platforms.linux-arm64-musl"]
checksum = "sha256:a76d2dd47da435a8f911b0347373f47c7e59ea54fb75ff846d20b8df10dba058"
url = "https://github.com/apple/pkl/releases/download/0.32.1/pkl-linux-aarch64"
url_api = "https://api.github.com/repos/apple/pkl/releases/assets/487426568"

[tools.pkl."platforms.linux-x64"]
checksum = "sha256:3180b62da95c0cad1d904e9bb6c5f4a8f9032413c21e53194bb91ff1ee5f3211"
url = "https://github.com/apple/pkl/releases/download/0.32.1/pkl-linux-amd64"
url_api = "https://api.github.com/repos/apple/pkl/releases/assets/487426567"

[tools.pkl."platforms.linux-x64-musl"]
checksum = "sha256:3180b62da95c0cad1d904e9bb6c5f4a8f9032413c21e53194bb91ff1ee5f3211"
url = "https://github.com/apple/pkl/releases/download/0.32.1/pkl-linux-amd64"
url_api = "https://api.github.com/repos/apple/pkl/releases/assets/487426567"

[tools.pkl."platforms.macos-arm64"]
checksum = "sha256:563eb51c9a20b16a3625464ed745c675ed9750381f2126722696a0d7cac1d9d3"
url = "https://github.com/apple/pkl/releases/download/0.32.1/pkl-macos-aarch64"
url_api = "https://api.github.com/repos/apple/pkl/releases/assets/487426570"

[tools.pkl."platforms.macos-x64"]
checksum = "sha256:5b74b903234047960144f66f2cebdd12d267d9b98e8155ed91d2ae5ed27e2d1f"
url = "https://github.com/apple/pkl/releases/download/0.32.1/pkl-macos-amd64"
url_api = "https://api.github.com/repos/apple/pkl/releases/assets/487426599"

[tools.pkl."platforms.windows-x64"]
checksum = "sha256:8550a00fcf027335e42c5e2cd553b88e98845408cb1880b3e3d1860caf46d22a"
url = "https://github.com/apple/pkl/releases/download/0.32.1/pkl-windows-amd64.exe"
url_api = "https://api.github.com/repos/apple/pkl/releases/assets/487426668"

[[tools.ruff]]
version = "0.15.12"
backend = "aqua:astral-sh/ruff"

[tools.ruff."platforms.linux-arm64"]
provenance = "github-attestations"

[tools.ruff."platforms.linux-arm64-musl"]
provenance = "github-attestations"

[tools.ruff."platforms.linux-x64"]
provenance = "github-attestations"

[tools.ruff."platforms.linux-x64-musl"]
provenance = "github-attestations"

[tools.ruff."platforms.macos-arm64"]
provenance = "github-attestations"

[tools.ruff."platforms.macos-x64"]
provenance = "github-attestations"

[tools.ruff."platforms.windows-x64"]
provenance = "github-attestations"

[[tools.ty]]
version = "0.0.10"
backend = "aqua:astral-sh/ty"
